
Microsoft Visual Studio Solution File, Format Version 12.00
# Visual Studio 15
VisualStudioVersion = 15.0.26430.12
MinimumVisualStudioVersion = 10.0.40219.1
Project("{9A19103F-16F7-4668-BE54-9A1E7A4F7556}") = "Cibertec.Web", "CibertecWeb\Cibertec.Web.csproj", "{49FC1BE7-F48E-41BC-A304-BBA7B0C3078E}"
EndProject
Project("{2150E333-8FDC-42A3-9474-1A3956D46DE8}") = "Data", "Data", "{90F3533D-E380-4B3E-810B-B51FCB226E34}"
EndProject
Project("{9A19103F-16F7-4668-BE54-9A1E7A4F7556}") = "Cibertec.Models", "Cibertec.Models\Cibertec.Models.csproj", "{B76DACDB-7AA7-4D08-81E5-260670B8091C}"
EndProject
Project("{9A19103F-16F7-4668-BE54-9A1E7A4F7556}") = "Cibertec.Repositories", "Cibertec.Repositories\Cibertec.Repositories.csproj", "{B47AB581-8241-4E6F-B1F7-5EC82A2D8E6F}"
EndProject
Project("{9A19103F-16F7-4668-BE54-9A1E7A4F7556}") = "Cibertec.UnitOfWork", "Cibertec.UnitOfWork\Cibertec.UnitOfWork.csproj", "{E2445439-BB3F-4F3B-A35F-FCD0B58F6D11}"
EndProject
Project("{2150E333-8FDC-42A3-9474-1A3956D46DE8}") = "Test", "Test", "{C847D773-A3E0-45E9-9976-BA97E6599094}"
EndProject
Project("{9A19103F-16F7-4668-BE54-9A1E7A4F7556}") = "Cibertec.Repositories.Tests", "Cibertec.Repositories.Tests\Cibertec.Repositories.Tests.csproj", "{D96BCAFF-775A-44F5-B20D-2503BD2EB391}"
EndProject
Project("{9A19103F-16F7-4668-BE54-9A1E7A4F7556}") = "Cibertec.Web.Tests", "Cibertec.Web.Tests\Cibertec.Web.Tests.csproj", "{9A5D8DFA-DFFD-4D48-A5AD-FE2BFE4A0A21}"
EndProject
Project("{9A19103F-16F7-4668-BE54-9A1E7A4F7556}") = "Cibertec.MockData.Test", "Cibertec.MoqData.Test\Cibertec.MockData.Test.csproj", "{5C62DD9A-4C76-4185-8D52-A2D9FF7FF6C2}"
EndProject
Project("{2150E333-8FDC-42A3-9474-1A3956D46DE8}") = "Web", "Web", "{8CE76350-BB16-4E82-9712-9E416988A09A}"
EndProject
Project("{9A19103F-16F7-4668-BE54-9A1E7A4F7556}") = "Cibertec.WebApi", "Cibertec.WebApi\Cibertec.WebApi.csproj", "{47620B07-ECCE-4E01-9ED1-CC556B6EC938}"
EndProject
Project("{FAE04EC0-301F-11D3-BF4B-00C04F79EFBC}") = "Cibertec.Angular", "Cibertec.Angular\Cibertec.Angular.csproj", "{12566904-7509-43F6-A71B-897711827295}"
EndProject
Global
	GlobalSection(SolutionConfigurationPlatforms) = preSolution
		Debug|Any CPU = Debug|Any CPU
		Release|Any CPU = Release|Any CPU
	EndGlobalSection
	GlobalSection(ProjectConfigurationPlatforms) = postSolution
		{49FC1BE7-F48E-41BC-A304-BBA7B0C3078E}.Debug|Any CPU.ActiveCfg = Debug|Any CPU
		{49FC1BE7-F48E-41BC-A304-BBA7B0C3078E}.Debug|Any CPU.Build.0 = Debug|Any CPU
		{49FC1BE7-F48E-41BC-A304-BBA7B0C3078E}.Release|Any CPU.ActiveCfg = Release|Any CPU
		{49FC1BE7-F48E-41BC-A304-BBA7B0C3078E}.Release|Any CPU.Build.0 = Release|Any CPU
		{B76DACDB-7AA7-4D08-81E5-260670B8091C}.Debug|Any CPU.ActiveCfg = Debug|Any CPU
		{B76DACDB-7AA7-4D08-81E5-260670B8091C}.Debug|Any CPU.Build.0 = Debug|Any CPU
		{B76DACDB-7AA7-4D08-81E5-260670B8091C}.Release|Any CPU.ActiveCfg = Release|Any CPU
		{B76DACDB-7AA7-4D08-81E5-260670B8091C}.Release|Any CPU.Build.0 = Release|Any CPU
		{B47AB581-8241-4E6F-B1F7-5EC82A2D8E6F}.Debug|Any CPU.ActiveCfg = Debug|Any CPU
		{B47AB581-8241-4E6F-B1F7-5EC82A2D8E6F}.Debug|Any CPU.Build.0 = Debug|Any CPU
		{B47AB581-8241-4E6F-B1F7-5EC82A2D8E6F}.Release|Any CPU.ActiveCfg = Release|Any CPU
		{B47AB581-8241-4E6F-B1F7-5EC82A2D8E6F}.Release|Any CPU.Build.0 = Release|Any CPU
		{E2445439-BB3F-4F3B-A35F-FCD0B58F6D11}.Debug|Any CPU.ActiveCfg = Debug|Any CPU
		{E2445439-BB3F-4F3B-A35F-FCD0B58F6D11}.Debug|Any CPU.Build.0 = Debug|Any CPU
		{E2445439-BB3F-4F3B-A35F-FCD0B58F6D11}.Release|Any CPU.ActiveCfg = Release|Any CPU
		{E2445439-BB3F-4F3B-A35F-FCD0B58F6D11}.Release|Any CPU.Build.0 = Release|Any CPU
		{D96BCAFF-775A-44F5-B20D-2503BD2EB391}.Debug|Any CPU.ActiveCfg = Debug|Any CPU
		{D96BCAFF-775A-44F5-B20D-2503BD2EB391}.Debug|Any CPU.Build.0 = Debug|Any CPU
		{D96BCAFF-775A-44F5-B20D-2503BD2EB391}.Release|Any CPU.ActiveCfg = Release|Any CPU
		{D96BCAFF-775A-44F5-B20D-2503BD2EB391}.Release|Any CPU.Build.0 = Release|Any CPU
		{9A5D8DFA-DFFD-4D48-A5AD-FE2BFE4A0A21}.Debug|Any CPU.ActiveCfg = Debug|Any CPU
		{9A5D8DFA-DFFD-4D48-A5AD-FE2BFE4A0A21}.Debug|Any CPU.Build.0 = Debug|Any CPU
		{9A5D8DFA-DFFD-4D48-A5AD-FE2BFE4A0A21}.Release|Any CPU.ActiveCfg = Release|Any CPU
		{9A5D8DFA-DFFD-4D48-A5AD-FE2BFE4A0A21}.Release|Any CPU.Build.0 = Release|Any CPU
		{5C62DD9A-4C76-4185-8D52-A2D9FF7FF6C2}.Debug|Any CPU.ActiveCfg = Debug|Any CPU
		{5C62DD9A-4C76-4185-8D52-A2D9FF7FF6C2}.Debug|Any CPU.Build.0 = Debug|Any CPU
		{5C62DD9A-4C76-4185-8D52-A2D9FF7FF6C2}.Release|Any CPU.ActiveCfg = Release|Any CPU
		{5C62DD9A-4C76-4185-8D52-A2D9FF7FF6C2}.Release|Any CPU.Build.0 = Release|Any CPU
		{47620B07-ECCE-4E01-9ED1-CC556B6EC938}.Debug|Any CPU.ActiveCfg = Debug|Any CPU
		{47620B07-ECCE-4E01-9ED1-CC556B6EC938}.Debug|Any CPU.Build.0 = Debug|Any CPU
		{47620B07-ECCE-4E01-9ED1-CC556B6EC938}.Release|Any CPU.ActiveCfg = Release|Any CPU
		{47620B07-ECCE-4E01-9ED1-CC556B6EC938}.Release|Any CPU.Build.0 = Release|Any CPU
		{12566904-7509-43F6-A71B-897711827295}.Debug|Any CPU.ActiveCfg = Debug|Any CPU
		{12566904-7509-43F6-A71B-897711827295}.Debug|Any CPU.Build.0 = Debug|Any CPU
		{12566904-7509-43F6-A71B-897711827295}.Release|Any CPU.ActiveCfg = Release|Any CPU
		{12566904-7509-43F6-A71B-897711827295}.Release|Any CPU.Build.0 = Release|Any CPU
	EndGlobalSection
	GlobalSection(SolutionProperties) = preSolution
		HideSolutionNode = FALSE
	EndGlobalSection
	GlobalSection(NestedProjects) = preSolution
		{49FC1BE7-F48E-41BC-A304-BBA7B0C3078E} = {8CE76350-BB16-4E82-9712-9E416988A09A}
		{B76DACDB-7AA7-4D08-81E5-260670B8091C} = {90F3533D-E380-4B3E-810B-B51FCB226E34}
		{B47AB581-8241-4E6F-B1F7-5EC82A2D8E6F} = {90F3533D-E380-4B3E-810B-B51FCB226E34}
		{E2445439-BB3F-4F3B-A35F-FCD0B58F6D11} = {90F3533D-E380-4B3E-810B-B51FCB226E34}
		{D96BCAFF-775A-44F5-B20D-2503BD2EB391} = {C847D773-A3E0-45E9-9976-BA97E6599094}
		{9A5D8DFA-DFFD-4D48-A5AD-FE2BFE4A0A21} = {C847D773-A3E0-45E9-9976-BA97E6599094}
		{5C62DD9A-4C76-4185-8D52-A2D9FF7FF6C2} = {C847D773-A3E0-45E9-9976-BA97E6599094}
		{47620B07-ECCE-4E01-9ED1-CC556B6EC938} = {8CE76350-BB16-4E82-9712-9E416988A09A}
		{12566904-7509-43F6-A71B-897711827295} = {8CE76350-BB16-4E82-9712-9E416988A09A}
	EndGlobalSection
EndGlobal
